
Microsoft Visual Studio Solution File, Format Version 12.00
# Visual Studio 15
VisualStudioVersion = 15.0.26730.8
MinimumVisualStudioVersion = 10.0.40219.1
Project("{9A19103F-16F7-4668-BE54-9A1E7A4F7556}") = "HyperMedia.SampleWebAPI", "HyperMedia.SampleWebAPI\HyperMedia.SampleWebAPI.csproj", "{BC078942-5E3A-4CC5-8FB5-AD826E45FE84}"
EndProject
Project("{9A19103F-16F7-4668-BE54-9A1E7A4F7556}") = "HyperMedia", "HyperMedia\HyperMedia.csproj", "{60497E0F-B231-4B2E-A306-B9388A6A8776}"
EndProject
Global
	GlobalSection(SolutionConfigurationPlatforms) = preSolution
		Debug|Any CPU = Debug|Any CPU
		Release|Any CPU = Release|Any CPU
	EndGlobalSection
	GlobalSection(ProjectConfigurationPlatforms) = postSolution
		{BC078942-5E3A-4CC5-8FB5-AD826E45FE84}.Debug|Any CPU.ActiveCfg = Debug|Any CPU
		{BC078942-5E3A-4CC5-8FB5-AD826E45FE84}.Debug|Any CPU.Build.0 = Debug|Any CPU
		{BC078942-5E3A-4CC5-8FB5-AD826E45FE84}.Release|Any CPU.ActiveCfg = Release|Any CPU
		{BC078942-5E3A-4CC5-8FB5-AD826E45FE84}.Release|Any CPU.Build.0 = Release|Any CPU
		{60497E0F-B231-4B2E-A306-B9388A6A8776}.Debug|Any CPU.ActiveCfg = Debug|Any CPU
		{60497E0F-B231-4B2E-A306-B9388A6A8776}.Debug|Any CPU.Build.0 = Debug|Any CPU
		{60497E0F-B231-4B2E-A306-B9388A6A8776}.Release|Any CPU.ActiveCfg = Release|Any CPU
		{60497E0F-B231-4B2E-A306-B9388A6A8776}.Release|Any CPU.Build.0 = Release|Any CPU
	EndGlobalSection
	GlobalSection(SolutionProperties) = preSolution
		HideSolutionNode = FALSE
	EndGlobalSection
	GlobalSection(ExtensibilityGlobals) = postSolution
		SolutionGuid = {5A140C23-740C-4342-8F39-3622D62CC52D}
	EndGlobalSection
EndGlobal
